
Microsoft Visual Studio Solution File, Format Version 12.00
# Visual Studio 15
VisualStudioVersion = 15.0.28307.572
MinimumVisualStudioVersion = 10.0.40219.1
Project("{8BC9CEB8-8B4A-11D0-8D11-00A0C91BC942}") = "Task3", "Task3\Task3.vcxproj", "{C4181335-A9D8-4981-8B06-6DB6D8DB7DA3}"
EndProject
Project("{8BC9CEB8-8B4A-11D0-8D11-00A0C91BC942}") = "Task4", "Task4\Task4.vcxproj", "{71A92069-E61A-4887-872E-5A7E70F94CAA}"
EndProject
Project("{8BC9CEB8-8B4A-11D0-8D11-00A0C91BC942}") = "Task5", "Task5\Task5.vcxproj", "{98D758CB-96EC-4479-A395-67B1C903740C}"
EndProject
Project("{8BC9CEB8-8B4A-11D0-8D11-00A0C91BC942}") = "Task2", "Task2\Practice.vcxproj", "{2A198ED3-9DD3-47AC-AD36-23BC15935C5B}"
EndProject
Project("{8BC9CEB8-8B4A-11D0-8D11-00A0C91BC942}") = "Task1", "Task1\Task1.vcxproj", "{3D182439-281E-4F2C-BF66-7E142E7D5233}"
EndProject
Project("{8BC9CEB8-8B4A-11D0-8D11-00A0C91BC942}") = "Task6", "Task6\Task6.vcxproj", "{5CDE9EF1-C8E4-451A-B4F6-346E5F150AB4}"
EndProject
Project("{8BC9CEB8-8B4A-11D0-8D11-00A0C91BC942}") = "Task7", "Task7\Task7.vcxproj", "{C27966A5-0154-427B-9747-F9ABD4D777B4}"
EndProject
Project("{8BC9CEB8-8B4A-11D0-8D11-00A0C91BC942}") = "Task8", "Task8\Task8.vcxproj", "{2B2B5C13-F920-4BE1-9EC3-F29E0D032D96}"
EndProject
Project("{8BC9CEB8-8B4A-11D0-8D11-00A0C91BC942}") = "Task9", "Task9\Task9.vcxproj", "{AC1828F9-ABA9-4F8A-A931-CF97634788E5}"
EndProject
Project("{8BC9CEB8-8B4A-11D0-8D11-00A0C91BC942}") = "Task10", "Task10\Task10.vcxproj", "{B04974B7-DC93-4476-A5B7-12867FAB8C71}"
EndProject
Global
	GlobalSection(SolutionConfigurationPlatforms) = preSolution
		Debug|x64 = Debug|x64
		Debug|x86 = Debug|x86
		Release|x64 = Release|x64
		Release|x86 = Release|x86
	EndGlobalSection
	GlobalSection(ProjectConfigurationPlatforms) = postSolution
		{C4181335-A9D8-4981-8B06-6DB6D8DB7DA3}.Debug|x64.ActiveCfg = Debug|x64
		{C4181335-A9D8-4981-8B06-6DB6D8DB7DA3}.Debug|x64.Build.0 = Debug|x64
		{C4181335-A9D8-4981-8B06-6DB6D8DB7DA3}.Debug|x86.ActiveCfg = Debug|Win32
		{C4181335-A9D8-4981-8B06-6DB6D8DB7DA3}.Debug|x86.Build.0 = Debug|Win32
		{C4181335-A9D8-4981-8B06-6DB6D8DB7DA3}.Release|x64.ActiveCfg = Release|x64
		{C4181335-A9D8-4981-8B06-6DB6D8DB7DA3}.Release|x64.Build.0 = Release|x64
		{C4181335-A9D8-4981-8B06-6DB6D8DB7DA3}.Release|x86.ActiveCfg = Release|Win32
		{C4181335-A9D8-4981-8B06-6DB6D8DB7DA3}.Release|x86.Build.0 = Release|Win32
		{71A92069-E61A-4887-872E-5A7E70F94CAA}.Debug|x64.ActiveCfg = Debug|x64
		{71A92069-E61A-4887-872E-5A7E70F94CAA}.Debug|x64.Build.0 = Debug|x64
		{71A92069-E61A-4887-872E-5A7E70F94CAA}.Debug|x86.ActiveCfg = Debug|Win32
		{71A92069-E61A-4887-872E-5A7E70F94CAA}.Debug|x86.Build.0 = Debug|Win32
		{71A92069-E61A-4887-872E-5A7E70F94CAA}.Release|x64.ActiveCfg = Release|x64
		{71A92069-E61A-4887-872E-5A7E70F94CAA}.Release|x64.Build.0 = Release|x64
		{71A92069-E61A-4887-872E-5A7E70F94CAA}.Release|x86.ActiveCfg = Release|Win32
		{71A92069-E61A-4887-872E-5A7E70F94CAA}.Release|x86.Build.0 = Release|Win32
		{98D758CB-96EC-4479-A395-67B1C903740C}.Debug|x64.ActiveCfg = Debug|x64
		{98D758CB-96EC-4479-A395-67B1C903740C}.Debug|x64.Build.0 = Debug|x64
		{98D758CB-96EC-4479-A395-67B1C903740C}.Debug|x86.ActiveCfg = Debug|Win32
		{98D758CB-96EC-4479-A395-67B1C903740C}.Debug|x86.Build.0 = Debug|Win32
		{98D758CB-96EC-4479-A395-67B1C903740C}.Release|x64.ActiveCfg = Release|x64
		{98D758CB-96EC-4479-A395-67B1C903740C}.Release|x64.Build.0 = Release|x64
		{98D758CB-96EC-4479-A395-67B1C903740C}.Release|x86.ActiveCfg = Release|Win32
		{98D758CB-96EC-4479-A395-67B1C903740C}.Release|x86.Build.0 = Release|Win32
		{2A198ED3-9DD3-47AC-AD36-23BC15935C5B}.Debug|x64.ActiveCfg = Debug|x64
		{2A198ED3-9DD3-47AC-AD36-23BC15935C5B}.Debug|x64.Build.0 = Debug|x64
		{2A198ED3-9DD3-47AC-AD36-23BC15935C5B}.Debug|x86.ActiveCfg = Debug|Win32
		{2A198ED3-9DD3-47AC-AD36-23BC15935C5B}.Debug|x86.Build.0 = Debug|Win32
		{2A198ED3-9DD3-47AC-AD36-23BC15935C5B}.Release|x64.ActiveCfg = Release|x64
		{2A198ED3-9DD3-47AC-AD36-23BC15935C5B}.Release|x64.Build.0 = Release|x64
		{2A198ED3-9DD3-47AC-AD36-23BC15935C5B}.Release|x86.ActiveCfg = Release|Win32
		{2A198ED3-9DD3-47AC-AD36-23BC15935C5B}.Release|x86.Build.0 = Release|Win32
		{3D182439-281E-4F2C-BF66-7E142E7D5233}.Debug|x64.ActiveCfg = Debug|x64
		{3D182439-281E-4F2C-BF66-7E142E7D5233}.Debug|x64.Build.0 = Debug|x64
		{3D182439-281E-4F2C-BF66-7E142E7D5233}.Debug|x86.ActiveCfg = Debug|Win32
		{3D182439-281E-4F2C-BF66-7E142E7D5233}.Debug|x86.Build.0 = Debug|Win32
		{3D182439-281E-4F2C-BF66-7E142E7D5233}.Release|x64.ActiveCfg = Release|x64
		{3D182439-281E-4F2C-BF66-7E142E7D5233}.Release|x64.Build.0 = Release|x64
		{3D182439-281E-4F2C-BF66-7E142E7D5233}.Release|x86.ActiveCfg = Release|Win32
		{3D182439-281E-4F2C-BF66-7E142E7D5233}.Release|x86.Build.0 = Release|Win32
		{5CDE9EF1-C8E4-451A-B4F6-346E5F150AB4}.Debug|x64.ActiveCfg = Debug|x64
		{5CDE9EF1-C8E4-451A-B4F6-346E5F150AB4}.Debug|x64.Build.0 = Debug|x64
		{5CDE9EF1-C8E4-451A-B4F6-346E5F150AB4}.Debug|x86.ActiveCfg = Debug|Win32
		{5CDE9EF1-C8E4-451A-B4F6-346E5F150AB4}.Debug|x86.Build.0 = Debug|Win32
		{5CDE9EF1-C8E4-451A-B4F6-346E5F150AB4}.Release|x64.ActiveCfg = Release|x64
		{5CDE9EF1-C8E4-451A-B4F6-346E5F150AB4}.Release|x64.Build.0 = Release|x64
		{5CDE9EF1-C8E4-451A-B4F6-346E5F150AB4}.Release|x86.ActiveCfg = Release|Win32
		{5CDE9EF1-C8E4-451A-B4F6-346E5F150AB4}.Release|x86.Build.0 = Release|Win32
		{C27966A5-0154-427B-9747-F9ABD4D777B4}.Debug|x64.ActiveCfg = Debug|x64
		{C27966A5-0154-427B-9747-F9ABD4D777B4}.Debug|x64.Build.0 = Debug|x64
		{C27966A5-0154-427B-9747-F9ABD4D777B4}.Debug|x86.ActiveCfg = Debug|Win32
		{C27966A5-0154-427B-9747-F9ABD4D777B4}.Debug|x86.Build.0 = Debug|Win32
		{C27966A5-0154-427B-9747-F9ABD4D777B4}.Release|x64.ActiveCfg = Release|x64
		{C27966A5-0154-427B-9747-F9ABD4D777B4}.Release|x64.Build.0 = Release|x64
		{C27966A5-0154-427B-9747-F9ABD4D777B4}.Release|x86.ActiveCfg = Release|Win32
		{C27966A5-0154-427B-9747-F9ABD4D777B4}.Release|x86.Build.0 = Release|Win32
		{2B2B5C13-F920-4BE1-9EC3-F29E0D032D96}.Debug|x64.ActiveCfg = Debug|x64
		{2B2B5C13-F920-4BE1-9EC3-F29E0D032D96}.Debug|x64.Build.0 = Debug|x64
		{2B2B5C13-F920-4BE1-9EC3-F29E0D032D96}.Debug|x86.ActiveCfg = Debug|Win32
		{2B2B5C13-F920-4BE1-9EC3-F29E0D032D96}.Debug|x86.Build.0 = Debug|Win32
		{2B2B5C13-F920-4BE1-9EC3-F29E0D032D96}.Release|x64.ActiveCfg = Release|x64
		{2B2B5C13-F920-4BE1-9EC3-F29E0D032D96}.Release|x64.Build.0 = Release|x64
		{2B2B5C13-F920-4BE1-9EC3-F29E0D032D96}.Release|x86.ActiveCfg = Release|Win32
		{2B2B5C13-F920-4BE1-9EC3-F29E0D032D96}.Release|x86.Build.0 = Release|Win32
		{AC1828F9-ABA9-4F8A-A931-CF97634788E5}.Debug|x64.ActiveCfg = Debug|x64
		{AC1828F9-ABA9-4F8A-A931-CF97634788E5}.Debug|x64.Build.0 = Debug|x64
		{AC1828F9-ABA9-4F8A-A931-CF97634788E5}.Debug|x86.ActiveCfg = Debug|Win32
		{AC1828F9-ABA9-4F8A-A931-CF97634788E5}.Debug|x86.Build.0 = Debug|Win32
		{AC1828F9-ABA9-4F8A-A931-CF97634788E5}.Release|x64.ActiveCfg = Release|x64
		{AC1828F9-ABA9-4F8A-A931-CF97634788E5}.Release|x64.Build.0 = Release|x64
		{AC1828F9-ABA9-4F8A-A931-CF97634788E5}.Release|x86.ActiveCfg = Release|Win32
		{AC1828F9-ABA9-4F8A-A931-CF97634788E5}.Release|x86.Build.0 = Release|Win32
		{B04974B7-DC93-4476-A5B7-12867FAB8C71}.Debug|x64.ActiveCfg = Debug|x64
		{B04974B7-DC93-4476-A5B7-12867FAB8C71}.Debug|x64.Build.0 = Debug|x64
		{B04974B7-DC93-4476-A5B7-12867FAB8C71}.Debug|x86.ActiveCfg = Debug|Win32
		{B04974B7-DC93-4476-A5B7-12867FAB8C71}.Debug|x86.Build.0 = Debug|Win32
		{B04974B7-DC93-4476-A5B7-12867FAB8C71}.Release|x64.ActiveCfg = Release|x64
		{B04974B7-DC93-4476-A5B7-12867FAB8C71}.Release|x64.Build.0 = Release|x64
		{B04974B7-DC93-4476-A5B7-12867FAB8C71}.Release|x86.ActiveCfg = Release|Win32
		{B04974B7-DC93-4476-A5B7-12867FAB8C71}.Release|x86.Build.0 = Release|Win32
	EndGlobalSection
	GlobalSection(SolutionProperties) = preSolution
		HideSolutionNode = FALSE
	EndGlobalSection
	GlobalSection(ExtensibilityGlobals) = postSolution
		SolutionGuid = {2B68C234-BA98-4411-A299-2DD057501EB3}
	EndGlobalSection
EndGlobal
