
Microsoft Visual Studio Solution File, Format Version 12.00
# Visual Studio 15
VisualStudioVersion = 15.0.28307.572
MinimumVisualStudioVersion = 10.0.40219.1
Project("{8BC9CEB8-8B4A-11D0-8D11-00A0C91BC942}") = "Task10", "Task10\Task10.vcxproj", "{B04974B7-DC93-4476-A5B7-12867FAB8C71}"
EndProject
Project("{8BC9CEB8-8B4A-11D0-8D11-00A0C91BC942}") = "Task01", "Task01\Task1.vcxproj", "{3D182439-281E-4F2C-BF66-7E142E7D5233}"
EndProject
Project("{8BC9CEB8-8B4A-11D0-8D11-00A0C91BC942}") = "Task02", "Task02\Practice.vcxproj", "{2A198ED3-9DD3-47AC-AD36-23BC15935C5B}"
EndProject
Project("{8BC9CEB8-8B4A-11D0-8D11-00A0C91BC942}") = "Task03", "Task03\Task3.vcxproj", "{C4181335-A9D8-4981-8B06-6DB6D8DB7DA3}"
EndProject
Project("{8BC9CEB8-8B4A-11D0-8D11-00A0C91BC942}") = "Task04", "Task04\Task4.vcxproj", "{71A92069-E61A-4887-872E-5A7E70F94CAA}"
EndProject
Project("{8BC9CEB8-8B4A-11D0-8D11-00A0C91BC942}") = "Task06", "Task06\Task6.vcxproj", "{5CDE9EF1-C8E4-451A-B4F6-346E5F150AB4}"
EndProject
Project("{8BC9CEB8-8B4A-11D0-8D11-00A0C91BC942}") = "Task05", "Task05\Task5.vcxproj", "{98D758CB-96EC-4479-A395-67B1C903740C}"
EndProject
Project("{8BC9CEB8-8B4A-11D0-8D11-00A0C91BC942}") = "Task07", "Task07\Task7.vcxproj", "{C27966A5-0154-427B-9747-F9ABD4D777B4}"
EndProject
Project("{8BC9CEB8-8B4A-11D0-8D11-00A0C91BC942}") = "Task08", "Task08\Task8.vcxproj", "{2B2B5C13-F920-4BE1-9EC3-F29E0D032D96}"
EndProject
Project("{8BC9CEB8-8B4A-11D0-8D11-00A0C91BC942}") = "Task09", "Task09\Task9.vcxproj", "{AC1828F9-ABA9-4F8A-A931-CF97634788E5}"
EndProject
Project("{8BC9CEB8-8B4A-11D0-8D11-00A0C91BC942}") = "Task11", "Task11\Task11.vcxproj", "{8F0E7C9C-046C-4E8D-AB4D-3B76CD6A785F}"
EndProject
Project("{8BC9CEB8-8B4A-11D0-8D11-00A0C91BC942}") = "Task12", "Task12\Task12.vcxproj", "{ACF4EAD3-AF6B-4EAE-B16A-73A4414296C3}"
EndProject
Project("{8BC9CEB8-8B4A-11D0-8D11-00A0C91BC942}") = "Task13", "Task13\Task13.vcxproj", "{B5042C61-1A6E-433B-AD7D-DC928A4E3FB4}"
EndProject
Project("{8BC9CEB8-8B4A-11D0-8D11-00A0C91BC942}") = "Task14", "Task14\Task14.vcxproj", "{D968882D-ED10-40D1-9D44-55259A6CD176}"
EndProject
Project("{8BC9CEB8-8B4A-11D0-8D11-00A0C91BC942}") = "Task15", "Task15\Task15.vcxproj", "{59A03B95-0651-429B-95CF-FFA093BBC635}"
EndProject
Project("{8BC9CEB8-8B4A-11D0-8D11-00A0C91BC942}") = "Task16", "Task16\Task16.vcxproj", "{B6C2586C-B33F-4D7F-B482-501978706246}"
EndProject
Project("{8BC9CEB8-8B4A-11D0-8D11-00A0C91BC942}") = "Task17", "Task17\Task17.vcxproj", "{6CFBCD4D-593B-47E7-9C67-B159A862C01E}"
EndProject
Project("{8BC9CEB8-8B4A-11D0-8D11-00A0C91BC942}") = "Task18", "Task18\Task18.vcxproj", "{EE873AE3-3525-4F37-B0F5-222684503AD8}"
EndProject
Project("{8BC9CEB8-8B4A-11D0-8D11-00A0C91BC942}") = "Task19", "Task19\Task19.vcxproj", "{AF405E33-EDF0-4F3E-B7AB-DAEFEC2F93B8}"
EndProject
Project("{8BC9CEB8-8B4A-11D0-8D11-00A0C91BC942}") = "Task20", "Task20\Task20.vcxproj", "{D84AABBA-BB63-46A3-96EC-9861FB60D318}"
EndProject
Project("{8BC9CEB8-8B4A-11D0-8D11-00A0C91BC942}") = "Task21", "Task21\Task21.vcxproj", "{C1C60C0A-2F67-4528-A350-CD8621A51406}"
EndProject
Project("{8BC9CEB8-8B4A-11D0-8D11-00A0C91BC942}") = "Task22", "Task22\Task22.vcxproj", "{A283FD64-D3DD-458F-AC54-CE35D77FDC04}"
EndProject
Project("{8BC9CEB8-8B4A-11D0-8D11-00A0C91BC942}") = "Task23", "Task23\Task23.vcxproj", "{CFEDAFD7-2E68-4F66-98E5-70B9A2B29F8F}"
EndProject
Global
	GlobalSection(SolutionConfigurationPlatforms) = preSolution
		Debug|x64 = Debug|x64
		Debug|x86 = Debug|x86
		Release|x64 = Release|x64
		Release|x86 = Release|x86
	EndGlobalSection
	GlobalSection(ProjectConfigurationPlatforms) = postSolution
		{B04974B7-DC93-4476-A5B7-12867FAB8C71}.Debug|x64.ActiveCfg = Debug|x64
		{B04974B7-DC93-4476-A5B7-12867FAB8C71}.Debug|x64.Build.0 = Debug|x64
		{B04974B7-DC93-4476-A5B7-12867FAB8C71}.Debug|x86.ActiveCfg = Debug|Win32
		{B04974B7-DC93-4476-A5B7-12867FAB8C71}.Debug|x86.Build.0 = Debug|Win32
		{B04974B7-DC93-4476-A5B7-12867FAB8C71}.Release|x64.ActiveCfg = Release|x64
		{B04974B7-DC93-4476-A5B7-12867FAB8C71}.Release|x64.Build.0 = Release|x64
		{B04974B7-DC93-4476-A5B7-12867FAB8C71}.Release|x86.ActiveCfg = Release|Win32
		{B04974B7-DC93-4476-A5B7-12867FAB8C71}.Release|x86.Build.0 = Release|Win32
		{3D182439-281E-4F2C-BF66-7E142E7D5233}.Debug|x64.ActiveCfg = Debug|x64
		{3D182439-281E-4F2C-BF66-7E142E7D5233}.Debug|x64.Build.0 = Debug|x64
		{3D182439-281E-4F2C-BF66-7E142E7D5233}.Debug|x86.ActiveCfg = Debug|Win32
		{3D182439-281E-4F2C-BF66-7E142E7D5233}.Debug|x86.Build.0 = Debug|Win32
		{3D182439-281E-4F2C-BF66-7E142E7D5233}.Release|x64.ActiveCfg = Release|x64
		{3D182439-281E-4F2C-BF66-7E142E7D5233}.Release|x64.Build.0 = Release|x64
		{3D182439-281E-4F2C-BF66-7E142E7D5233}.Release|x86.ActiveCfg = Release|Win32
		{3D182439-281E-4F2C-BF66-7E142E7D5233}.Release|x86.Build.0 = Release|Win32
		{2A198ED3-9DD3-47AC-AD36-23BC15935C5B}.Debug|x64.ActiveCfg = Debug|x64
		{2A198ED3-9DD3-47AC-AD36-23BC15935C5B}.Debug|x64.Build.0 = Debug|x64
		{2A198ED3-9DD3-47AC-AD36-23BC15935C5B}.Debug|x86.ActiveCfg = Debug|Win32
		{2A198ED3-9DD3-47AC-AD36-23BC15935C5B}.Debug|x86.Build.0 = Debug|Win32
		{2A198ED3-9DD3-47AC-AD36-23BC15935C5B}.Release|x64.ActiveCfg = Release|x64
		{2A198ED3-9DD3-47AC-AD36-23BC15935C5B}.Release|x64.Build.0 = Release|x64
		{2A198ED3-9DD3-47AC-AD36-23BC15935C5B}.Release|x86.ActiveCfg = Release|Win32
		{2A198ED3-9DD3-47AC-AD36-23BC15935C5B}.Release|x86.Build.0 = Release|Win32
		{C4181335-A9D8-4981-8B06-6DB6D8DB7DA3}.Debug|x64.ActiveCfg = Debug|x64
		{C4181335-A9D8-4981-8B06-6DB6D8DB7DA3}.Debug|x64.Build.0 = Debug|x64
		{C4181335-A9D8-4981-8B06-6DB6D8DB7DA3}.Debug|x86.ActiveCfg = Debug|Win32
		{C4181335-A9D8-4981-8B06-6DB6D8DB7DA3}.Debug|x86.Build.0 = Debug|Win32
		{C4181335-A9D8-4981-8B06-6DB6D8DB7DA3}.Release|x64.ActiveCfg = Release|x64
		{C4181335-A9D8-4981-8B06-6DB6D8DB7DA3}.Release|x64.Build.0 = Release|x64
		{C4181335-A9D8-4981-8B06-6DB6D8DB7DA3}.Release|x86.ActiveCfg = Release|Win32
		{C4181335-A9D8-4981-8B06-6DB6D8DB7DA3}.Release|x86.Build.0 = Release|Win32
		{71A92069-E61A-4887-872E-5A7E70F94CAA}.Debug|x64.ActiveCfg = Debug|x64
		{71A92069-E61A-4887-872E-5A7E70F94CAA}.Debug|x64.Build.0 = Debug|x64
		{71A92069-E61A-4887-872E-5A7E70F94CAA}.Debug|x86.ActiveCfg = Debug|Win32
		{71A92069-E61A-4887-872E-5A7E70F94CAA}.Debug|x86.Build.0 = Debug|Win32
		{71A92069-E61A-4887-872E-5A7E70F94CAA}.Release|x64.ActiveCfg = Release|x64
		{71A92069-E61A-4887-872E-5A7E70F94CAA}.Release|x64.Build.0 = Release|x64
		{71A92069-E61A-4887-872E-5A7E70F94CAA}.Release|x86.ActiveCfg = Release|Win32
		{71A92069-E61A-4887-872E-5A7E70F94CAA}.Release|x86.Build.0 = Release|Win32
		{5CDE9EF1-C8E4-451A-B4F6-346E5F150AB4}.Debug|x64.ActiveCfg = Debug|x64
		{5CDE9EF1-C8E4-451A-B4F6-346E5F150AB4}.Debug|x64.Build.0 = Debug|x64
		{5CDE9EF1-C8E4-451A-B4F6-346E5F150AB4}.Debug|x86.ActiveCfg = Debug|Win32
		{5CDE9EF1-C8E4-451A-B4F6-346E5F150AB4}.Debug|x86.Build.0 = Debug|Win32
		{5CDE9EF1-C8E4-451A-B4F6-346E5F150AB4}.Release|x64.ActiveCfg = Release|x64
		{5CDE9EF1-C8E4-451A-B4F6-346E5F150AB4}.Release|x64.Build.0 = Release|x64
		{5CDE9EF1-C8E4-451A-B4F6-346E5F150AB4}.Release|x86.ActiveCfg = Release|Win32
		{5CDE9EF1-C8E4-451A-B4F6-346E5F150AB4}.Release|x86.Build.0 = Release|Win32
		{98D758CB-96EC-4479-A395-67B1C903740C}.Debug|x64.ActiveCfg = Debug|x64
		{98D758CB-96EC-4479-A395-67B1C903740C}.Debug|x64.Build.0 = Debug|x64
		{98D758CB-96EC-4479-A395-67B1C903740C}.Debug|x86.ActiveCfg = Debug|Win32
		{98D758CB-96EC-4479-A395-67B1C903740C}.Debug|x86.Build.0 = Debug|Win32
		{98D758CB-96EC-4479-A395-67B1C903740C}.Release|x64.ActiveCfg = Release|x64
		{98D758CB-96EC-4479-A395-67B1C903740C}.Release|x64.Build.0 = Release|x64
		{98D758CB-96EC-4479-A395-67B1C903740C}.Release|x86.ActiveCfg = Release|Win32
		{98D758CB-96EC-4479-A395-67B1C903740C}.Release|x86.Build.0 = Release|Win32
		{C27966A5-0154-427B-9747-F9ABD4D777B4}.Debug|x64.ActiveCfg = Debug|x64
		{C27966A5-0154-427B-9747-F9ABD4D777B4}.Debug|x64.Build.0 = Debug|x64
		{C27966A5-0154-427B-9747-F9ABD4D777B4}.Debug|x86.ActiveCfg = Debug|Win32
		{C27966A5-0154-427B-9747-F9ABD4D777B4}.Debug|x86.Build.0 = Debug|Win32
		{C27966A5-0154-427B-9747-F9ABD4D777B4}.Release|x64.ActiveCfg = Release|x64
		{C27966A5-0154-427B-9747-F9ABD4D777B4}.Release|x64.Build.0 = Release|x64
		{C27966A5-0154-427B-9747-F9ABD4D777B4}.Release|x86.ActiveCfg = Release|Win32
		{C27966A5-0154-427B-9747-F9ABD4D777B4}.Release|x86.Build.0 = Release|Win32
		{2B2B5C13-F920-4BE1-9EC3-F29E0D032D96}.Debug|x64.ActiveCfg = Debug|x64
		{2B2B5C13-F920-4BE1-9EC3-F29E0D032D96}.Debug|x64.Build.0 = Debug|x64
		{2B2B5C13-F920-4BE1-9EC3-F29E0D032D96}.Debug|x86.ActiveCfg = Debug|Win32
		{2B2B5C13-F920-4BE1-9EC3-F29E0D032D96}.Debug|x86.Build.0 = Debug|Win32
		{2B2B5C13-F920-4BE1-9EC3-F29E0D032D96}.Release|x64.ActiveCfg = Release|x64
		{2B2B5C13-F920-4BE1-9EC3-F29E0D032D96}.Release|x64.Build.0 = Release|x64
		{2B2B5C13-F920-4BE1-9EC3-F29E0D032D96}.Release|x86.ActiveCfg = Release|Win32
		{2B2B5C13-F920-4BE1-9EC3-F29E0D032D96}.Release|x86.Build.0 = Release|Win32
		{AC1828F9-ABA9-4F8A-A931-CF97634788E5}.Debug|x64.ActiveCfg = Debug|x64
		{AC1828F9-ABA9-4F8A-A931-CF97634788E5}.Debug|x64.Build.0 = Debug|x64
		{AC1828F9-ABA9-4F8A-A931-CF97634788E5}.Debug|x86.ActiveCfg = Debug|Win32
		{AC1828F9-ABA9-4F8A-A931-CF97634788E5}.Debug|x86.Build.0 = Debug|Win32
		{AC1828F9-ABA9-4F8A-A931-CF97634788E5}.Release|x64.ActiveCfg = Release|x64
		{AC1828F9-ABA9-4F8A-A931-CF97634788E5}.Release|x64.Build.0 = Release|x64
		{AC1828F9-ABA9-4F8A-A931-CF97634788E5}.Release|x86.ActiveCfg = Release|Win32
		{AC1828F9-ABA9-4F8A-A931-CF97634788E5}.Release|x86.Build.0 = Release|Win32
		{8F0E7C9C-046C-4E8D-AB4D-3B76CD6A785F}.Debug|x64.ActiveCfg = Debug|x64
		{8F0E7C9C-046C-4E8D-AB4D-3B76CD6A785F}.Debug|x64.Build.0 = Debug|x64
		{8F0E7C9C-046C-4E8D-AB4D-3B76CD6A785F}.Debug|x86.ActiveCfg = Debug|Win32
		{8F0E7C9C-046C-4E8D-AB4D-3B76CD6A785F}.Debug|x86.Build.0 = Debug|Win32
		{8F0E7C9C-046C-4E8D-AB4D-3B76CD6A785F}.Release|x64.ActiveCfg = Release|x64
		{8F0E7C9C-046C-4E8D-AB4D-3B76CD6A785F}.Release|x64.Build.0 = Release|x64
		{8F0E7C9C-046C-4E8D-AB4D-3B76CD6A785F}.Release|x86.ActiveCfg = Release|Win32
		{8F0E7C9C-046C-4E8D-AB4D-3B76CD6A785F}.Release|x86.Build.0 = Release|Win32
		{ACF4EAD3-AF6B-4EAE-B16A-73A4414296C3}.Debug|x64.ActiveCfg = Debug|x64
		{ACF4EAD3-AF6B-4EAE-B16A-73A4414296C3}.Debug|x64.Build.0 = Debug|x64
		{ACF4EAD3-AF6B-4EAE-B16A-73A4414296C3}.Debug|x86.ActiveCfg = Debug|Win32
		{ACF4EAD3-AF6B-4EAE-B16A-73A4414296C3}.Debug|x86.Build.0 = Debug|Win32
		{ACF4EAD3-AF6B-4EAE-B16A-73A4414296C3}.Release|x64.ActiveCfg = Release|x64
		{ACF4EAD3-AF6B-4EAE-B16A-73A4414296C3}.Release|x64.Build.0 = Release|x64
		{ACF4EAD3-AF6B-4EAE-B16A-73A4414296C3}.Release|x86.ActiveCfg = Release|Win32
		{ACF4EAD3-AF6B-4EAE-B16A-73A4414296C3}.Release|x86.Build.0 = Release|Win32
		{B5042C61-1A6E-433B-AD7D-DC928A4E3FB4}.Debug|x64.ActiveCfg = Debug|x64
		{B5042C61-1A6E-433B-AD7D-DC928A4E3FB4}.Debug|x64.Build.0 = Debug|x64
		{B5042C61-1A6E-433B-AD7D-DC928A4E3FB4}.Debug|x86.ActiveCfg = Debug|Win32
		{B5042C61-1A6E-433B-AD7D-DC928A4E3FB4}.Debug|x86.Build.0 = Debug|Win32
		{B5042C61-1A6E-433B-AD7D-DC928A4E3FB4}.Release|x64.ActiveCfg = Release|x64
		{B5042C61-1A6E-433B-AD7D-DC928A4E3FB4}.Release|x64.Build.0 = Release|x64
		{B5042C61-1A6E-433B-AD7D-DC928A4E3FB4}.Release|x86.ActiveCfg = Release|Win32
		{B5042C61-1A6E-433B-AD7D-DC928A4E3FB4}.Release|x86.Build.0 = Release|Win32
		{D968882D-ED10-40D1-9D44-55259A6CD176}.Debug|x64.ActiveCfg = Debug|x64
		{D968882D-ED10-40D1-9D44-55259A6CD176}.Debug|x64.Build.0 = Debug|x64
		{D968882D-ED10-40D1-9D44-55259A6CD176}.Debug|x86.ActiveCfg = Debug|Win32
		{D968882D-ED10-40D1-9D44-55259A6CD176}.Debug|x86.Build.0 = Debug|Win32
		{D968882D-ED10-40D1-9D44-55259A6CD176}.Release|x64.ActiveCfg = Release|x64
		{D968882D-ED10-40D1-9D44-55259A6CD176}.Release|x64.Build.0 = Release|x64
		{D968882D-ED10-40D1-9D44-55259A6CD176}.Release|x86.ActiveCfg = Release|Win32
		{D968882D-ED10-40D1-9D44-55259A6CD176}.Release|x86.Build.0 = Release|Win32
		{59A03B95-0651-429B-95CF-FFA093BBC635}.Debug|x64.ActiveCfg = Debug|x64
		{59A03B95-0651-429B-95CF-FFA093BBC635}.Debug|x64.Build.0 = Debug|x64
		{59A03B95-0651-429B-95CF-FFA093BBC635}.Debug|x86.ActiveCfg = Debug|Win32
		{59A03B95-0651-429B-95CF-FFA093BBC635}.Debug|x86.Build.0 = Debug|Win32
		{59A03B95-0651-429B-95CF-FFA093BBC635}.Release|x64.ActiveCfg = Release|x64
		{59A03B95-0651-429B-95CF-FFA093BBC635}.Release|x64.Build.0 = Release|x64
		{59A03B95-0651-429B-95CF-FFA093BBC635}.Release|x86.ActiveCfg = Release|Win32
		{59A03B95-0651-429B-95CF-FFA093BBC635}.Release|x86.Build.0 = Release|Win32
		{B6C2586C-B33F-4D7F-B482-501978706246}.Debug|x64.ActiveCfg = Debug|x64
		{B6C2586C-B33F-4D7F-B482-501978706246}.Debug|x64.Build.0 = Debug|x64
		{B6C2586C-B33F-4D7F-B482-501978706246}.Debug|x86.ActiveCfg = Debug|Win32
		{B6C2586C-B33F-4D7F-B482-501978706246}.Debug|x86.Build.0 = Debug|Win32
		{B6C2586C-B33F-4D7F-B482-501978706246}.Release|x64.ActiveCfg = Release|x64
		{B6C2586C-B33F-4D7F-B482-501978706246}.Release|x64.Build.0 = Release|x64
		{B6C2586C-B33F-4D7F-B482-501978706246}.Release|x86.ActiveCfg = Release|Win32
		{B6C2586C-B33F-4D7F-B482-501978706246}.Release|x86.Build.0 = Release|Win32
		{6CFBCD4D-593B-47E7-9C67-B159A862C01E}.Debug|x64.ActiveCfg = Debug|x64
		{6CFBCD4D-593B-47E7-9C67-B159A862C01E}.Debug|x64.Build.0 = Debug|x64
		{6CFBCD4D-593B-47E7-9C67-B159A862C01E}.Debug|x86.ActiveCfg = Debug|Win32
		{6CFBCD4D-593B-47E7-9C67-B159A862C01E}.Debug|x86.Build.0 = Debug|Win32
		{6CFBCD4D-593B-47E7-9C67-B159A862C01E}.Release|x64.ActiveCfg = Release|x64
		{6CFBCD4D-593B-47E7-9C67-B159A862C01E}.Release|x64.Build.0 = Release|x64
		{6CFBCD4D-593B-47E7-9C67-B159A862C01E}.Release|x86.ActiveCfg = Release|Win32
		{6CFBCD4D-593B-47E7-9C67-B159A862C01E}.Release|x86.Build.0 = Release|Win32
		{EE873AE3-3525-4F37-B0F5-222684503AD8}.Debug|x64.ActiveCfg = Debug|x64
		{EE873AE3-3525-4F37-B0F5-222684503AD8}.Debug|x64.Build.0 = Debug|x64
		{EE873AE3-3525-4F37-B0F5-222684503AD8}.Debug|x86.ActiveCfg = Debug|Win32
		{EE873AE3-3525-4F37-B0F5-222684503AD8}.Debug|x86.Build.0 = Debug|Win32
		{EE873AE3-3525-4F37-B0F5-222684503AD8}.Release|x64.ActiveCfg = Release|x64
		{EE873AE3-3525-4F37-B0F5-222684503AD8}.Release|x64.Build.0 = Release|x64
		{EE873AE3-3525-4F37-B0F5-222684503AD8}.Release|x86.ActiveCfg = Release|Win32
		{EE873AE3-3525-4F37-B0F5-222684503AD8}.Release|x86.Build.0 = Release|Win32
		{AF405E33-EDF0-4F3E-B7AB-DAEFEC2F93B8}.Debug|x64.ActiveCfg = Debug|x64
		{AF405E33-EDF0-4F3E-B7AB-DAEFEC2F93B8}.Debug|x64.Build.0 = Debug|x64
		{AF405E33-EDF0-4F3E-B7AB-DAEFEC2F93B8}.Debug|x86.ActiveCfg = Debug|Win32
		{AF405E33-EDF0-4F3E-B7AB-DAEFEC2F93B8}.Debug|x86.Build.0 = Debug|Win32
		{AF405E33-EDF0-4F3E-B7AB-DAEFEC2F93B8}.Release|x64.ActiveCfg = Release|x64
		{AF405E33-EDF0-4F3E-B7AB-DAEFEC2F93B8}.Release|x64.Build.0 = Release|x64
		{AF405E33-EDF0-4F3E-B7AB-DAEFEC2F93B8}.Release|x86.ActiveCfg = Release|Win32
		{AF405E33-EDF0-4F3E-B7AB-DAEFEC2F93B8}.Release|x86.Build.0 = Release|Win32
		{D84AABBA-BB63-46A3-96EC-9861FB60D318}.Debug|x64.ActiveCfg = Debug|x64
		{D84AABBA-BB63-46A3-96EC-9861FB60D318}.Debug|x64.Build.0 = Debug|x64
		{D84AABBA-BB63-46A3-96EC-9861FB60D318}.Debug|x86.ActiveCfg = Debug|Win32
		{D84AABBA-BB63-46A3-96EC-9861FB60D318}.Debug|x86.Build.0 = Debug|Win32
		{D84AABBA-BB63-46A3-96EC-9861FB60D318}.Release|x64.ActiveCfg = Release|x64
		{D84AABBA-BB63-46A3-96EC-9861FB60D318}.Release|x64.Build.0 = Release|x64
		{D84AABBA-BB63-46A3-96EC-9861FB60D318}.Release|x86.ActiveCfg = Release|Win32
		{D84AABBA-BB63-46A3-96EC-9861FB60D318}.Release|x86.Build.0 = Release|Win32
		{C1C60C0A-2F67-4528-A350-CD8621A51406}.Debug|x64.ActiveCfg = Debug|x64
		{C1C60C0A-2F67-4528-A350-CD8621A51406}.Debug|x64.Build.0 = Debug|x64
		{C1C60C0A-2F67-4528-A350-CD8621A51406}.Debug|x86.ActiveCfg = Debug|Win32
		{C1C60C0A-2F67-4528-A350-CD8621A51406}.Debug|x86.Build.0 = Debug|Win32
		{C1C60C0A-2F67-4528-A350-CD8621A51406}.Release|x64.ActiveCfg = Release|x64
		{C1C60C0A-2F67-4528-A350-CD8621A51406}.Release|x64.Build.0 = Release|x64
		{C1C60C0A-2F67-4528-A350-CD8621A51406}.Release|x86.ActiveCfg = Release|Win32
		{C1C60C0A-2F67-4528-A350-CD8621A51406}.Release|x86.Build.0 = Release|Win32
		{A283FD64-D3DD-458F-AC54-CE35D77FDC04}.Debug|x64.ActiveCfg = Debug|x64
		{A283FD64-D3DD-458F-AC54-CE35D77FDC04}.Debug|x64.Build.0 = Debug|x64
		{A283FD64-D3DD-458F-AC54-CE35D77FDC04}.Debug|x86.ActiveCfg = Debug|Win32
		{A283FD64-D3DD-458F-AC54-CE35D77FDC04}.Debug|x86.Build.0 = Debug|Win32
		{A283FD64-D3DD-458F-AC54-CE35D77FDC04}.Release|x64.ActiveCfg = Release|x64
		{A283FD64-D3DD-458F-AC54-CE35D77FDC04}.Release|x64.Build.0 = Release|x64
		{A283FD64-D3DD-458F-AC54-CE35D77FDC04}.Release|x86.ActiveCfg = Release|Win32
		{A283FD64-D3DD-458F-AC54-CE35D77FDC04}.Release|x86.Build.0 = Release|Win32
		{CFEDAFD7-2E68-4F66-98E5-70B9A2B29F8F}.Debug|x64.ActiveCfg = Debug|x64
		{CFEDAFD7-2E68-4F66-98E5-70B9A2B29F8F}.Debug|x64.Build.0 = Debug|x64
		{CFEDAFD7-2E68-4F66-98E5-70B9A2B29F8F}.Debug|x86.ActiveCfg = Debug|Win32
		{CFEDAFD7-2E68-4F66-98E5-70B9A2B29F8F}.Debug|x86.Build.0 = Debug|Win32
		{CFEDAFD7-2E68-4F66-98E5-70B9A2B29F8F}.Release|x64.ActiveCfg = Release|x64
		{CFEDAFD7-2E68-4F66-98E5-70B9A2B29F8F}.Release|x64.Build.0 = Release|x64
		{CFEDAFD7-2E68-4F66-98E5-70B9A2B29F8F}.Release|x86.ActiveCfg = Release|Win32
		{CFEDAFD7-2E68-4F66-98E5-70B9A2B29F8F}.Release|x86.Build.0 = Release|Win32
	EndGlobalSection
	GlobalSection(SolutionProperties) = preSolution
		HideSolutionNode = FALSE
	EndGlobalSection
	GlobalSection(ExtensibilityGlobals) = postSolution
		SolutionGuid = {2B68C234-BA98-4411-A299-2DD057501EB3}
	EndGlobalSection
EndGlobal
